
Microsoft Visual Studio Solution File, Format Version 12.00
# Visual Studio Version 17
VisualStudioVersion = 17.5.002.0
MinimumVisualStudioVersion = 10.0.40219.1
Project("{9A19103F-16F7-4668-BE54-9A1E7A4F7556}") = "HotelManagementSystem", "HotelManagementSystem\HotelManagementSystem.csproj", "{B1F60EF2-A618-4101-BF71-C675C2554AA5}"
EndProject
Global
	GlobalSection(SolutionConfigurationPlatforms) = preSolution
		Debug|Any CPU = Debug|Any CPU
		Release|Any CPU = Release|Any CPU
	EndGlobalSection
	GlobalSection(ProjectConfigurationPlatforms) = postSolution
		{B1F60EF2-A618-4101-BF71-C675C2554AA5}.Debug|Any CPU.ActiveCfg = Debug|Any CPU
		{B1F60EF2-A618-4101-BF71-C675C2554AA5}.Debug|Any CPU.Build.0 = Debug|Any CPU
		{B1F60EF2-A618-4101-BF71-C675C2554AA5}.Release|Any CPU.ActiveCfg = Release|Any CPU
		{B1F60EF2-A618-4101-BF71-C675C2554AA5}.Release|Any CPU.Build.0 = Release|Any CPU
	EndGlobalSection
	GlobalSection(SolutionProperties) = preSolution
		HideSolutionNode = FALSE
	EndGlobalSection
	GlobalSection(ExtensibilityGlobals) = postSolution
		SolutionGuid = {38FDB32F-549C-46B6-9705-66634EFBF67B}
	EndGlobalSection
EndGlobal
